// !$*UTF8*$!
{
	archiveVersion = 1;
	classes = {
	};
	objectVersion = 50;
	objects = {

/* Begin PBXBuildFile section */
		0BA39AC46F3A183D18FBFE20 /* Pods_TimeUnderTensionTrainer.framework in Frameworks */ = {isa = PBXBuildFile; fileRef = BC6B5AB98A480F9B4567504A /* Pods_TimeUnderTensionTrainer.framework */; };
		7A361B9320BA23E4002A7231 /* AppDelegate.swift in Sources */ = {isa = PBXBuildFile; fileRef = 7A361B9220BA23E4002A7231 /* AppDelegate.swift */; };
		7A361B9520BA23E4002A7231 /* ViewController.swift in Sources */ = {isa = PBXBuildFile; fileRef = 7A361B9420BA23E4002A7231 /* ViewController.swift */; };
		7A361B9820BA23E4002A7231 /* Main.storyboard in Resources */ = {isa = PBXBuildFile; fileRef = 7A361B9620BA23E4002A7231 /* Main.storyboard */; };
		7A361B9A20BA23E5002A7231 /* Assets.xcassets in Resources */ = {isa = PBXBuildFile; fileRef = 7A361B9920BA23E5002A7231 /* Assets.xcassets */; };
		7A361B9D20BA23E5002A7231 /* LaunchScreen.storyboard in Resources */ = {isa = PBXBuildFile; fileRef = 7A361B9B20BA23E5002A7231 /* LaunchScreen.storyboard */; };
		7A361BA620D9289B002A7231 /* Action.swift in Sources */ = {isa = PBXBuildFile; fileRef = 7A361BA520D9289B002A7231 /* Action.swift */; };
		7AE081FB21F4CF6A00401E79 /* CustomCell.swift in Sources */ = {isa = PBXBuildFile; fileRef = 7AE081FA21F4CF6A00401E79 /* CustomCell.swift */; };
/* End PBXBuildFile section */

/* Begin PBXFileReference section */
		7A361B8F20BA23E4002A7231 /* TimeUnderTensionTrainer.app */ = {isa = PBXFileReference; explicitFileType = wrapper.application; includeInIndex = 0; path = TimeUnderTensionTrainer.app; sourceTree = BUILT_PRODUCTS_DIR; };
		7A361B9220BA23E4002A7231 /* AppDelegate.swift */ = {isa = PBXFileReference; lastKnownFileType = sourcecode.swift; path = AppDelegate.swift; sourceTree = "<group>"; };
		7A361B9420BA23E4002A7231 /* ViewController.swift */ = {isa = PBXFileReference; lastKnownFileType = sourcecode.swift; path = ViewController.swift; sourceTree = "<group>"; };
		7A361B9720BA23E4002A7231 /* Base */ = {isa = PBXFileReference; lastKnownFileType = file.storyboard; name = Base; path = Base.lproj/Main.storyboard; sourceTree = "<group>"; };
		7A361B9920BA23E5002A7231 /* Assets.xcassets */ = {isa = PBXFileReference; lastKnownFileType = folder.assetcatalog; path = Assets.xcassets; sourceTree = "<group>"; };
		7A361B9C20BA23E5002A7231 /* Base */ = {isa = PBXFileReference; lastKnownFileType = file.storyboard; name = Base; path = Base.lproj/LaunchScreen.storyboard; sourceTree = "<group>"; };
		7A361B9E20BA23E5002A7231 /* Info.plist */ = {isa = PBXFileReference; lastKnownFileType = text.plist.xml; path = Info.plist; sourceTree = "<group>"; };
		7A361BA520D9289B002A7231 /* Action.swift */ = {isa = PBXFileReference; lastKnownFileType = sourcecode.swift; path = Action.swift; sourceTree = "<group>"; };
		7AE081FA21F4CF6A00401E79 /* CustomCell.swift */ = {isa = PBXFileReference; lastKnownFileType = sourcecode.swift; path = CustomCell.swift; sourceTree = "<group>"; };
		8C7023E9930A45DFBD1A97B5 /* Pods-TimeUnderTensionTrainer.debug.xcconfig */ = {isa = PBXFileReference; includeInIndex = 1; lastKnownFileType = text.xcconfig; name = "Pods-TimeUnderTensionTrainer.debug.xcconfig"; path = "Pods/Target Support Files/Pods-TimeUnderTensionTrainer/Pods-TimeUnderTensionTrainer.debug.xcconfig"; sourceTree = "<group>"; };
		BBCF360D9D68B308F3BF20DA /* Pods-TimeUnderTensionTrainer.release.xcconfig */ = {isa = PBXFileReference; includeInIndex = 1; lastKnownFileType = text.xcconfig; name = "Pods-TimeUnderTensionTrainer.release.xcconfig"; path = "Pods/Target Support Files/Pods-TimeUnderTensionTrainer/Pods-TimeUnderTensionTrainer.release.xcconfig"; sourceTree = "<group>"; };
		BC6B5AB98A480F9B4567504A /* Pods_TimeUnderTensionTrainer.framework */ = {isa = PBXFileReference; explicitFileType = wrapper.framework; includeInIndex = 0; path = Pods_TimeUnderTensionTrainer.framework; sourceTree = BUILT_PRODUCTS_DIR; };
/* End PBXFileReference section */

/* Begin PBXFrameworksBuildPhase section */
		7A361B8C20BA23E4002A7231 /* Frameworks */ = {
			isa = PBXFrameworksBuildPhase;
			buildActionMask = 2147483647;
			files = (
				0BA39AC46F3A183D18FBFE20 /* Pods_TimeUnderTensionTrainer.framework in Frameworks */,
			);
			runOnlyForDeploymentPostprocessing = 0;
		};
/* End PBXFrameworksBuildPhase section */

/* Begin PBXGroup section */
		55E1801065175ED2C1CA591A /* Frameworks */ = {
			isa = PBXGroup;
			children = (
				BC6B5AB98A480F9B4567504A /* Pods_TimeUnderTensionTrainer.framework */,
			);
			name = Frameworks;
			sourceTree = "<group>";
		};
		7A361B8620BA23E4002A7231 = {
			isa = PBXGroup;
			children = (
				7A361B9120BA23E4002A7231 /* TimeUnderTensionTrainer */,
				7A361B9020BA23E4002A7231 /* Products */,
				DE6A7A948F55AC6AC37D528F /* Pods */,
				55E1801065175ED2C1CA591A /* Frameworks */,
			);
			sourceTree = "<group>";
		};
		7A361B9020BA23E4002A7231 /* Products */ = {
			isa = PBXGroup;
			children = (
				7A361B8F20BA23E4002A7231 /* TimeUnderTensionTrainer.app */,
			);
			name = Products;
			sourceTree = "<group>";
		};
		7A361B9120BA23E4002A7231 /* TimeUnderTensionTrainer */ = {
			isa = PBXGroup;
			children = (
				7A361B9220BA23E4002A7231 /* AppDelegate.swift */,
				7A361B9420BA23E4002A7231 /* ViewController.swift */,
				7AE081FA21F4CF6A00401E79 /* CustomCell.swift */,
				7A361B9620BA23E4002A7231 /* Main.storyboard */,
				7A361B9920BA23E5002A7231 /* Assets.xcassets */,
				7A361B9B20BA23E5002A7231 /* LaunchScreen.storyboard */,
				7A361B9E20BA23E5002A7231 /* Info.plist */,
				7A361BA420D7DA42002A7231 /* Data Model */,
			);
			path = TimeUnderTensionTrainer;
			sourceTree = "<group>";
		};
		7A361BA420D7DA42002A7231 /* Data Model */ = {
			isa = PBXGroup;
			children = (
				7A361BA520D9289B002A7231 /* Action.swift */,
			);
			path = "Data Model";
			sourceTree = "<group>";
		};
		DE6A7A948F55AC6AC37D528F /* Pods */ = {
			isa = PBXGroup;
			children = (
				8C7023E9930A45DFBD1A97B5 /* Pods-TimeUnderTensionTrainer.debug.xcconfig */,
				BBCF360D9D68B308F3BF20DA /* Pods-TimeUnderTensionTrainer.release.xcconfig */,
			);
			name = Pods;
			sourceTree = "<group>";
		};
/* End PBXGroup section */

/* Begin PBXNativeTarget section */
		7A361B8E20BA23E4002A7231 /* TimeUnderTensionTrainer */ = {
			isa = PBXNativeTarget;
			buildConfigurationList = 7A361BA120BA23E5002A7231 /* Build configuration list for PBXNativeTarget "TimeUnderTensionTrainer" */;
			buildPhases = (
				AFD1D61916DF32C331BDE203 /* [CP] Check Pods Manifest.lock */,
				7A361B8B20BA23E4002A7231 /* Sources */,
				7A361B8C20BA23E4002A7231 /* Frameworks */,
				7A361B8D20BA23E4002A7231 /* Resources */,
				FDD2154BA5A0328A564BE79E /* [CP] Embed Pods Frameworks */,
			);
			buildRules = (
			);
			dependencies = (
			);
			name = TimeUnderTensionTrainer;
			productName = TimeUnderTensionTrainer;
			productReference = 7A361B8F20BA23E4002A7231 /* TimeUnderTensionTrainer.app */;
			productType = "com.apple.product-type.application";
		};
/* End PBXNativeTarget section */

/* Begin PBXProject section */
		7A361B8720BA23E4002A7231 /* Project object */ = {
			isa = PBXProject;
			attributes = {
				LastSwiftUpdateCheck = 0930;
				LastUpgradeCheck = 0930;
				ORGANIZATIONNAME = "Charles Griffin";
				TargetAttributes = {
					7A361B8E20BA23E4002A7231 = {
						CreatedOnToolsVersion = 9.3;
						LastSwiftMigration = 1010;
					};
				};
			};
			buildConfigurationList = 7A361B8A20BA23E4002A7231 /* Build configuration list for PBXProject "TimeUnderTensionTrainer" */;
			compatibilityVersion = "Xcode 9.3";
			developmentRegion = en;
			hasScannedForEncodings = 0;
			knownRegions = (
				en,
				Base,
			);
			mainGroup = 7A361B8620BA23E4002A7231;
			productRefGroup = 7A361B9020BA23E4002A7231 /* Products */;
			projectDirPath = "";
			projectRoot = "";
			targets = (
				7A361B8E20BA23E4002A7231 /* TimeUnderTensionTrainer */,
			);
		};
/* End PBXProject section */

/* Begin PBXResourcesBuildPhase section */
		7A361B8D20BA23E4002A7231 /* Resources */ = {
			isa = PBXResourcesBuildPhase;
			buildActionMask = 2147483647;
			files = (
				7A361B9D20BA23E5002A7231 /* LaunchScreen.storyboard in Resources */,
				7A361B9A20BA23E5002A7231 /* Assets.xcassets in Resources */,
				7A361B9820BA23E4002A7231 /* Main.storyboard in Resources */,
			);
			runOnlyForDeploymentPostprocessing = 0;
		};
/* End PBXResourcesBuildPhase section */

/* Begin PBXShellScriptBuildPhase section */
		AFD1D61916DF32C331BDE203 /* [CP] Check Pods Manifest.lock */ = {
			isa = PBXShellScriptBuildPhase;
			buildActionMask = 2147483647;
			files = (
			);
			inputPaths = (
				"${PODS_PODFILE_DIR_PATH}/Podfile.lock",
				"${PODS_ROOT}/Manifest.lock",
			);
			name = "[CP] Check Pods Manifest.lock";
			outputPaths = (
				"$(DERIVED_FILE_DIR)/Pods-TimeUnderTensionTrainer-checkManifestLockResult.txt",
			);
			runOnlyForDeploymentPostprocessing = 0;
			shellPath = /bin/sh;
			shellScript = "diff \"${PODS_PODFILE_DIR_PATH}/Podfile.lock\" \"${PODS_ROOT}/Manifest.lock\" > /dev/null\nif [ $? != 0 ] ; then\n    # print error to STDERR\n    echo \"error: The sandbox is not in sync with the Podfile.lock. Run 'pod install' or update your CocoaPods installation.\" >&2\n    exit 1\nfi\n# This output is used by Xcode 'outputs' to avoid re-running this script phase.\necho \"SUCCESS\" > \"${SCRIPT_OUTPUT_FILE_0}\"\n";
			showEnvVarsInLog = 0;
		};
		FDD2154BA5A0328A564BE79E /* [CP] Embed Pods Frameworks */ = {
			isa = PBXShellScriptBuildPhase;
			buildActionMask = 2147483647;
			files = (
			);
			inputPaths = (
				"${SRCROOT}/Pods/Target Support Files/Pods-TimeUnderTensionTrainer/Pods-TimeUnderTensionTrainer-frameworks.sh",
				"${BUILT_PRODUCTS_DIR}/ChameleonFramework/ChameleonFramework.framework",
				"${BUILT_PRODUCTS_DIR}/Realm/Realm.framework",
				"${BUILT_PRODUCTS_DIR}/RealmSwift/RealmSwift.framework",
				"${BUILT_PRODUCTS_DIR}/SwipeCellKit/SwipeCellKit.framework",
			);
			name = "[CP] Embed Pods Frameworks";
			outputPaths = (
				"${TARGET_BUILD_DIR}/${FRAMEWORKS_FOLDER_PATH}/ChameleonFramework.framework",
				"${TARGET_BUILD_DIR}/${FRAMEWORKS_FOLDER_PATH}/Realm.framework",
				"${TARGET_BUILD_DIR}/${FRAMEWORKS_FOLDER_PATH}/RealmSwift.framework",
				"${TARGET_BUILD_DIR}/${FRAMEWORKS_FOLDER_PATH}/SwipeCellKit.framework",
			);
			runOnlyForDeploymentPostprocessing = 0;
			shellPath = /bin/sh;
			shellScript = "\"${SRCROOT}/Pods/Target Support Files/Pods-TimeUnderTensionTrainer/Pods-TimeUnderTensionTrainer-frameworks.sh\"\n";
			showEnvVarsInLog = 0;
		};
/* End PBXShellScriptBuildPhase section */

/* Begin PBXSourcesBuildPhase section */
		7A361B8B20BA23E4002A7231 /* Sources */ = {
			isa = PBXSourcesBuildPhase;
			buildActionMask = 2147483647;
			files = (
				7A361B9520BA23E4002A7231 /* ViewController.swift in Sources */,
				7A361BA620D9289B002A7231 /* Action.swift in Sources */,
				7AE081FB21F4CF6A00401E79 /* CustomCell.swift in Sources */,
				7A361B9320BA23E4002A7231 /* AppDelegate.swift in Sources */,
			);
			runOnlyForDeploymentPostprocessing = 0;
		};
/* End PBXSourcesBuildPhase section */

/* Begin PBXVariantGroup section */
		7A361B9620BA23E4002A7231 /* Main.storyboard */ = {
			isa = PBXVariantGroup;
			children = (
				7A361B9720BA23E4002A7231 /* Base */,
			);
			name = Main.storyboard;
			sourceTree = "<group>";
		};
		7A361B9B20BA23E5002A7231 /* LaunchScreen.storyboard */ = {
			isa = PBXVariantGroup;
			children = (
				7A361B9C20BA23E5002A7231 /* Base */,
			);
			name = LaunchScreen.storyboard;
			sourceTree = "<group>";
		};
/* End PBXVariantGroup section */

/* Begin XCBuildConfiguration section */
		7A361B9F20BA23E5002A7231 /* Debug */ = {
			isa = XCBuildConfiguration;
			buildSettings = {
				ALWAYS_SEARCH_USER_PATHS = NO;
				CLANG_ANALYZER_NONNULL = YES;
				CLANG_ANALYZER_NUMBER_OBJECT_CONVERSION = YES_AGGRESSIVE;
				CLANG_CXX_LANGUAGE_STANDARD = "gnu++14";
				CLANG_CXX_LIBRARY = "libc++";
				CLANG_ENABLE_MODULES = YES;
				CLANG_ENABLE_OBJC_ARC = YES;
				CLANG_ENABLE_OBJC_WEAK = YES;
				CLANG_WARN_BLOCK_CAPTURE_AUTORELEASING = YES;
				CLANG_WARN_BOOL_CONVERSION = YES;
				CLANG_WARN_COMMA = YES;
				CLANG_WARN_CONSTANT_CONVERSION = YES;
				CLANG_WARN_DEPRECATED_OBJC_IMPLEMENTATIONS = YES;
				CLANG_WARN_DIRECT_OBJC_ISA_USAGE = YES_ERROR;
				CLANG_WARN_DOCUMENTATION_COMMENTS = YES;
				CLANG_WARN_EMPTY_BODY = YES;
				CLANG_WARN_ENUM_CONVERSION = YES;
				CLANG_WARN_INFINITE_RECURSION = YES;
				CLANG_WARN_INT_CONVERSION = YES;
				CLANG_WARN_NON_LITERAL_NULL_CONVERSION = YES;
				CLANG_WARN_OBJC_IMPLICIT_RETAIN_SELF = YES;
				CLANG_WARN_OBJC_LITERAL_CONVERSION = YES;
				CLANG_WARN_OBJC_ROOT_CLASS = YES_ERROR;
				CLANG_WARN_RANGE_LOOP_ANALYSIS = YES;
				CLANG_WARN_STRICT_PROTOTYPES = YES;
				CLANG_WARN_SUSPICIOUS_MOVE = YES;
				CLANG_WARN_UNGUARDED_AVAILABILITY = YES_AGGRESSIVE;
				CLANG_WARN_UNREACHABLE_CODE = YES;
				CLANG_WARN__DUPLICATE_METHOD_MATCH = YES;
				CODE_SIGN_IDENTITY = "iPhone Developer";
				COPY_PHASE_STRIP = NO;
				DEBUG_INFORMATION_FORMAT = dwarf;
				ENABLE_STRICT_OBJC_MSGSEND = YES;
				ENABLE_TESTABILITY = YES;
				GCC_C_LANGUAGE_STANDARD = gnu11;
				GCC_DYNAMIC_NO_PIC = NO;
				GCC_NO_COMMON_BLOCKS = YES;
				GCC_OPTIMIZATION_LEVEL = 0;
				GCC_PREPROCESSOR_DEFINITIONS = (
					"DEBUG=1",
					"$(inherited)",
				);
				GCC_WARN_64_TO_32_BIT_CONVERSION = YES;
				GCC_WARN_ABOUT_RETURN_TYPE = YES_ERROR;
				GCC_WARN_UNDECLARED_SELECTOR = YES;
				GCC_WARN_UNINITIALIZED_AUTOS = YES_AGGRESSIVE;
				GCC_WARN_UNUSED_FUNCTION = YES;
				GCC_WARN_UNUSED_VARIABLE = YES;
				IPHONEOS_DEPLOYMENT_TARGET = 11.3;
				MTL_ENABLE_DEBUG_INFO = YES;
				ONLY_ACTIVE_ARCH = YES;
				SDKROOT = iphoneos;
				SWIFT_ACTIVE_COMPILATION_CONDITIONS = DEBUG;
				SWIFT_OPTIMIZATION_LEVEL = "-Onone";
			};
			name = Debug;
		};
		7A361BA020BA23E5002A7231 /* Release */ = {
			isa = XCBuildConfiguration;
			buildSettings = {
				ALWAYS_SEARCH_USER_PATHS = NO;
				CLANG_ANALYZER_NONNULL = YES;
				CLANG_ANALYZER_NUMBER_OBJECT_CONVERSION = YES_AGGRESSIVE;
				CLANG_CXX_LANGUAGE_STANDARD = "gnu++14";
				CLANG_CXX_LIBRARY = "libc++";
				CLANG_ENABLE_MODULES = YES;
				CLANG_ENABLE_OBJC_ARC = YES;
				CLANG_ENABLE_OBJC_WEAK = YES;
				CLANG_WARN_BLOCK_CAPTURE_AUTORELEASING = YES;
				CLANG_WARN_BOOL_CONVERSION = YES;
				CLANG_WARN_COMMA = YES;
				CLANG_WARN_CONSTANT_CONVERSION = YES;
				CLANG_WARN_DEPRECATED_OBJC_IMPLEMENTATIONS = YES;
				CLANG_WARN_DIRECT_OBJC_ISA_USAGE = YES_ERROR;
				CLANG_WARN_DOCUMENTATION_COMMENTS = YES;
				CLANG_WARN_EMPTY_BODY = YES;
				CLANG_WARN_ENUM_CONVERSION = YES;
				CLANG_WARN_INFINITE_RECURSION = YES;
				CLANG_WARN_INT_CONVERSION = YES;
				CLANG_WARN_NON_LITERAL_NULL_CONVERSION = YES;
				CLANG_WARN_OBJC_IMPLICIT_RETAIN_SELF = YES;
				CLANG_WARN_OBJC_LITERAL_CONVERSION = YES;
				CLANG_WARN_OBJC_ROOT_CLASS = YES_ERROR;
				CLANG_WARN_RANGE_LOOP_ANALYSIS = YES;
				CLANG_WARN_STRICT_PROTOTYPES = YES;
				CLANG_WARN_SUSPICIOUS_MOVE = YES;
				CLANG_WARN_UNGUARDED_AVAILABILITY = YES_AGGRESSIVE;
				CLANG_WARN_UNREACHABLE_CODE = YES;
				CLANG_WARN__DUPLICATE_METHOD_MATCH = YES;
				CODE_SIGN_IDENTITY = "iPhone Developer";
				COPY_PHASE_STRIP = NO;
				DEBUG_INFORMATION_FORMAT = "dwarf-with-dsym";
				ENABLE_NS_ASSERTIONS = NO;
				ENABLE_STRICT_OBJC_MSGSEND = YES;
				GCC_C_LANGUAGE_STANDARD = gnu11;
				GCC_NO_COMMON_BLOCKS = YES;
				GCC_WARN_64_TO_32_BIT_CONVERSION = YES;
				GCC_WARN_ABOUT_RETURN_TYPE = YES_ERROR;
				GCC_WARN_UNDECLARED_SELECTOR = YES;
				GCC_WARN_UNINITIALIZED_AUTOS = YES_AGGRESSIVE;
				GCC_WARN_UNUSED_FUNCTION = YES;
				GCC_WARN_UNUSED_VARIABLE = YES;
				IPHONEOS_DEPLOYMENT_TARGET = 11.3;
				MTL_ENABLE_DEBUG_INFO = NO;
				SDKROOT = iphoneos;
				SWIFT_COMPILATION_MODE = wholemodule;
				SWIFT_OPTIMIZATION_LEVEL = "-O";
				VALIDATE_PRODUCT = YES;
			};
			name = Release;
		};
		7A361BA220BA23E5002A7231 /* Debug */ = {
			isa = XCBuildConfiguration;
			baseConfigurationReference = 8C7023E9930A45DFBD1A97B5 /* Pods-TimeUnderTensionTrainer.debug.xcconfig */;
			buildSettings = {
				ASSETCATALOG_COMPILER_APPICON_NAME = AppIcon;
				CODE_SIGN_STYLE = Automatic;
				DEVELOPMENT_TEAM = 363UGLFU5J;
				INFOPLIST_FILE = TimeUnderTensionTrainer/Info.plist;
				LD_RUNPATH_SEARCH_PATHS = (
					"$(inherited)",
					"@executable_path/Frameworks",
				);
				PRODUCT_BUNDLE_IDENTIFIER = com.thecharliegriffin.TimeUnderTensionTrainer;
				PRODUCT_NAME = "$(TARGET_NAME)";
				SWIFT_VERSION = 4.2;
				TARGETED_DEVICE_FAMILY = "1,2";
			};
			name = Debug;
		};
		7A361BA320BA23E5002A7231 /* Release */ = {
			isa = XCBuildConfiguration;
			baseConfigurationReference = BBCF360D9D68B308F3BF20DA /* Pods-TimeUnderTensionTrainer.release.xcconfig */;
			buildSettings = {
				ASSETCATALOG_COMPILER_APPICON_NAME = AppIcon;
				CODE_SIGN_STYLE = Automatic;
				DEVELOPMENT_TEAM = 363UGLFU5J;
				INFOPLIST_FILE = TimeUnderTensionTrainer/Info.plist;
				LD_RUNPATH_SEARCH_PATHS = (
					"$(inherited)",
					"@executable_path/Frameworks",
				);
				PRODUCT_BUNDLE_IDENTIFIER = com.thecharliegriffin.TimeUnderTensionTrainer;
				PRODUCT_NAME = "$(TARGET_NAME)";
				SWIFT_VERSION = 4.2;
				TARGETED_DEVICE_FAMILY = "1,2";
			};
			name = Release;
		};
/* End XCBuildConfiguration section */

/* Begin XCConfigurationList section */
		7A361B8A20BA23E4002A7231 /* Build configuration list for PBXProject "TimeUnderTensionTrainer" */ = {
			isa = XCConfigurationList;
			buildConfigurations = (
				7A361B9F20BA23E5002A7231 /* Debug */,
				7A361BA020BA23E5002A7231 /* Release */,
			);
			defaultConfigurationIsVisible = 0;
			defaultConfigurationName = Release;
		};
		7A361BA120BA23E5002A7231 /* Build configuration list for PBXNativeTarget "TimeUnderTensionTrainer" */ = {
			isa = XCConfigurationList;
			buildConfigurations = (
				7A361BA220BA23E5002A7231 /* Debug */,
				7A361BA320BA23E5002A7231 /* Release */,
			);
			defaultConfigurationIsVisible = 0;
			defaultConfigurationName = Release;
		};
/* End XCConfigurationList section */
	};
	rootObject = 7A361B8720BA23E4002A7231 /* Project object */;
}
